
Microsoft Visual Studio Solution File, Format Version 12.00
# Visual Studio 15
VisualStudioVersion = 15.0.26730.16
MinimumVisualStudioVersion = 10.0.40219.1
Project("{FAE04EC0-301F-11D3-BF4B-00C04F79EFBC}") = "Day01", "Day01\Day01.csproj", "{B790EBE2-0F15-4AAA-975A-3A1BE4F3E539}"
EndProject
Project("{FAE04EC0-301F-11D3-BF4B-00C04F79EFBC}") = "Day02", "Day02\Day02.csproj", "{12F5AC22-0668-4EB1-B06C-1F341AF1FB77}"
EndProject
Project("{FAE04EC0-301F-11D3-BF4B-00C04F79EFBC}") = "Day03", "Day03\Day03.csproj", "{794BE349-0DB6-4D0C-B494-ECBE7B55D6AC}"
EndProject
Project("{FAE04EC0-301F-11D3-BF4B-00C04F79EFBC}") = "Day04", "Day04\Day04.csproj", "{2E4E8343-A36F-4721-B918-D4DFC54106A1}"
EndProject
Project("{FAE04EC0-301F-11D3-BF4B-00C04F79EFBC}") = "Day05", "Day05\Day05.csproj", "{6696F7D6-8C1E-4BE1-B9D1-78D3F33EC0B2}"
EndProject
Project("{FAE04EC0-301F-11D3-BF4B-00C04F79EFBC}") = "Day06", "Day06\Day06.csproj", "{524E2BA3-C480-4D8F-81A9-2E0667823836}"
EndProject
Project("{FAE04EC0-301F-11D3-BF4B-00C04F79EFBC}") = "Day07", "Day07\Day07.csproj", "{9545C7F0-0C3A-414F-B601-17415D55AEE6}"
EndProject
Project("{FAE04EC0-301F-11D3-BF4B-00C04F79EFBC}") = "Day08", "Day08\Day08.csproj", "{D49C29D3-94FC-4B62-9A3F-2ED824A25510}"
EndProject
Project("{FAE04EC0-301F-11D3-BF4B-00C04F79EFBC}") = "Day09", "Day09\Day09.csproj", "{1E7B62D7-F153-4DE6-AC9C-07339C4DFA43}"
EndProject
Project("{FAE04EC0-301F-11D3-BF4B-00C04F79EFBC}") = "Day10", "Day10\Day10.csproj", "{72860584-8246-45FD-9E89-6BA7F1B32232}"
EndProject
Project("{FAE04EC0-301F-11D3-BF4B-00C04F79EFBC}") = "Day11", "Day11\Day11.csproj", "{F6DE10BF-D6EC-4FC3-B113-A4B5B1C8D9C0}"
EndProject
Project("{FAE04EC0-301F-11D3-BF4B-00C04F79EFBC}") = "Day12", "Day12\Day12.csproj", "{FE66A972-3722-4708-884C-14958B4D1804}"
EndProject
Global
	GlobalSection(SolutionConfigurationPlatforms) = preSolution
		Debug|Any CPU = Debug|Any CPU
		Release|Any CPU = Release|Any CPU
	EndGlobalSection
	GlobalSection(ProjectConfigurationPlatforms) = postSolution
		{B790EBE2-0F15-4AAA-975A-3A1BE4F3E539}.Debug|Any CPU.ActiveCfg = Debug|Any CPU
		{B790EBE2-0F15-4AAA-975A-3A1BE4F3E539}.Debug|Any CPU.Build.0 = Debug|Any CPU
		{B790EBE2-0F15-4AAA-975A-3A1BE4F3E539}.Release|Any CPU.ActiveCfg = Release|Any CPU
		{B790EBE2-0F15-4AAA-975A-3A1BE4F3E539}.Release|Any CPU.Build.0 = Release|Any CPU
		{12F5AC22-0668-4EB1-B06C-1F341AF1FB77}.Debug|Any CPU.ActiveCfg = Debug|Any CPU
		{12F5AC22-0668-4EB1-B06C-1F341AF1FB77}.Debug|Any CPU.Build.0 = Debug|Any CPU
		{12F5AC22-0668-4EB1-B06C-1F341AF1FB77}.Release|Any CPU.ActiveCfg = Release|Any CPU
		{12F5AC22-0668-4EB1-B06C-1F341AF1FB77}.Release|Any CPU.Build.0 = Release|Any CPU
		{794BE349-0DB6-4D0C-B494-ECBE7B55D6AC}.Debug|Any CPU.ActiveCfg = Debug|Any CPU
		{794BE349-0DB6-4D0C-B494-ECBE7B55D6AC}.Debug|Any CPU.Build.0 = Debug|Any CPU
		{794BE349-0DB6-4D0C-B494-ECBE7B55D6AC}.Release|Any CPU.ActiveCfg = Release|Any CPU
		{794BE349-0DB6-4D0C-B494-ECBE7B55D6AC}.Release|Any CPU.Build.0 = Release|Any CPU
		{2E4E8343-A36F-4721-B918-D4DFC54106A1}.Debug|Any CPU.ActiveCfg = Debug|Any CPU
		{2E4E8343-A36F-4721-B918-D4DFC54106A1}.Debug|Any CPU.Build.0 = Debug|Any CPU
		{2E4E8343-A36F-4721-B918-D4DFC54106A1}.Release|Any CPU.ActiveCfg = Release|Any CPU
		{2E4E8343-A36F-4721-B918-D4DFC54106A1}.Release|Any CPU.Build.0 = Release|Any CPU
		{6696F7D6-8C1E-4BE1-B9D1-78D3F33EC0B2}.Debug|Any CPU.ActiveCfg = Debug|Any CPU
		{6696F7D6-8C1E-4BE1-B9D1-78D3F33EC0B2}.Debug|Any CPU.Build.0 = Debug|Any CPU
		{6696F7D6-8C1E-4BE1-B9D1-78D3F33EC0B2}.Release|Any CPU.ActiveCfg = Release|Any CPU
		{6696F7D6-8C1E-4BE1-B9D1-78D3F33EC0B2}.Release|Any CPU.Build.0 = Release|Any CPU
		{524E2BA3-C480-4D8F-81A9-2E0667823836}.Debug|Any CPU.ActiveCfg = Debug|Any CPU
		{524E2BA3-C480-4D8F-81A9-2E0667823836}.Debug|Any CPU.Build.0 = Debug|Any CPU
		{524E2BA3-C480-4D8F-81A9-2E0667823836}.Release|Any CPU.ActiveCfg = Release|Any CPU
		{524E2BA3-C480-4D8F-81A9-2E0667823836}.Release|Any CPU.Build.0 = Release|Any CPU
		{9545C7F0-0C3A-414F-B601-17415D55AEE6}.Debug|Any CPU.ActiveCfg = Debug|Any CPU
		{9545C7F0-0C3A-414F-B601-17415D55AEE6}.Debug|Any CPU.Build.0 = Debug|Any CPU
		{9545C7F0-0C3A-414F-B601-17415D55AEE6}.Release|Any CPU.ActiveCfg = Release|Any CPU
		{9545C7F0-0C3A-414F-B601-17415D55AEE6}.Release|Any CPU.Build.0 = Release|Any CPU
		{D49C29D3-94FC-4B62-9A3F-2ED824A25510}.Debug|Any CPU.ActiveCfg = Debug|Any CPU
		{D49C29D3-94FC-4B62-9A3F-2ED824A25510}.Debug|Any CPU.Build.0 = Debug|Any CPU
		{D49C29D3-94FC-4B62-9A3F-2ED824A25510}.Release|Any CPU.ActiveCfg = Release|Any CPU
		{D49C29D3-94FC-4B62-9A3F-2ED824A25510}.Release|Any CPU.Build.0 = Release|Any CPU
		{1E7B62D7-F153-4DE6-AC9C-07339C4DFA43}.Debug|Any CPU.ActiveCfg = Debug|Any CPU
		{1E7B62D7-F153-4DE6-AC9C-07339C4DFA43}.Debug|Any CPU.Build.0 = Debug|Any CPU
		{1E7B62D7-F153-4DE6-AC9C-07339C4DFA43}.Release|Any CPU.ActiveCfg = Release|Any CPU
		{1E7B62D7-F153-4DE6-AC9C-07339C4DFA43}.Release|Any CPU.Build.0 = Release|Any CPU
		{72860584-8246-45FD-9E89-6BA7F1B32232}.Debug|Any CPU.ActiveCfg = Debug|Any CPU
		{72860584-8246-45FD-9E89-6BA7F1B32232}.Debug|Any CPU.Build.0 = Debug|Any CPU
		{72860584-8246-45FD-9E89-6BA7F1B32232}.Release|Any CPU.ActiveCfg = Release|Any CPU
		{72860584-8246-45FD-9E89-6BA7F1B32232}.Release|Any CPU.Build.0 = Release|Any CPU
		{F6DE10BF-D6EC-4FC3-B113-A4B5B1C8D9C0}.Debug|Any CPU.ActiveCfg = Debug|Any CPU
		{F6DE10BF-D6EC-4FC3-B113-A4B5B1C8D9C0}.Debug|Any CPU.Build.0 = Debug|Any CPU
		{F6DE10BF-D6EC-4FC3-B113-A4B5B1C8D9C0}.Release|Any CPU.ActiveCfg = Release|Any CPU
		{F6DE10BF-D6EC-4FC3-B113-A4B5B1C8D9C0}.Release|Any CPU.Build.0 = Release|Any CPU
		{FE66A972-3722-4708-884C-14958B4D1804}.Debug|Any CPU.ActiveCfg = Debug|Any CPU
		{FE66A972-3722-4708-884C-14958B4D1804}.Debug|Any CPU.Build.0 = Debug|Any CPU
		{FE66A972-3722-4708-884C-14958B4D1804}.Release|Any CPU.ActiveCfg = Release|Any CPU
		{FE66A972-3722-4708-884C-14958B4D1804}.Release|Any CPU.Build.0 = Release|Any CPU
	EndGlobalSection
	GlobalSection(SolutionProperties) = preSolution
		HideSolutionNode = FALSE
	EndGlobalSection
	GlobalSection(ExtensibilityGlobals) = postSolution
		SolutionGuid = {17063EFA-CDCA-4752-B127-6EAC2853FA30}
	EndGlobalSection
EndGlobal
